PODS:
  - Capacitor (7.1.0):
    - CapacitorCordova
  - CapacitorApp (7.0.0):
    - Capacitor
  - CapacitorCommunityBluetoothLe (7.0.0):
    - Capacitor
  - CapacitorCordova (7.1.0)
  - CapacitorKeyboard (7.0.0):
    - Capacitor
  - CapacitorPreferences (7.0.0):
    - Capacitor

DEPENDENCIES:
  - "Capacitor (from `../../node_modules/@capacitor/ios`)"
  - "CapacitorApp (from `../../node_modules/@capacitor/app`)"
  - "CapacitorCommunityBluetoothLe (from `../../node_modules/@capacitor-community/bluetooth-le`)"
  - "CapacitorCordova (from `../../node_modules/@capacitor/ios`)"
  - "CapacitorKeyboard (from `../../node_modules/@capacitor/keyboard`)"
  - "CapacitorPreferences (from `../../node_modules/@capacitor/preferences`)"

EXTERNAL SOURCES:
  Capacitor:
    :path: "../../node_modules/@capacitor/ios"
  CapacitorApp:
    :path: "../../node_modules/@capacitor/app"
  CapacitorCommunityBluetoothLe:
    :path: "../../node_modules/@capacitor-community/bluetooth-le"
  CapacitorCordova:
    :path: "../../node_modules/@capacitor/ios"
  CapacitorKeyboard:
    :path: "../../node_modules/@capacitor/keyboard"
  CapacitorPreferences:
    :path: "../../node_modules/@capacitor/preferences"

SPEC CHECKSUMS:
  Capacitor: bceb785fb78f5e81e4a9e37843bc1c24bd9c7194
  CapacitorApp: 9cb31064a6c6bb2b1438583733a7bf45557fc1da
  CapacitorCommunityBluetoothLe: f911fcbecc25033bca1cfcc5782c46c11ebf62ec
  CapacitorCordova: 866217f32c1d25b326c568a10ea3ed0c36b13e29
  CapacitorKeyboard: 4db71e694e7afb5d7c0be09b05495c19f7d6c914
  CapacitorPreferences: 8e4bef1f937fc991a19d7ea99330c36a62edd24b

PODFILE CHECKSUM: 4f818b2393ed85cca542bfe3ccf6b8a704a8ffe2

COCOAPODS: 1.16.2
